
Microsoft Visual Studio Solution File, Format Version 12.00
# Visual Studio Version 16
VisualStudioVersion = 16.0.29409.12
MinimumVisualStudioVersion = 10.0.40219.1
Project("{FAE04EC0-301F-11D3-BF4B-00C04F79EFBC}") = "TemplateModule", "TemplateModule\TemplateModule.csproj", "{AEB3FC89-DC3E-4BC9-9EC7-03B72FC5D849}"
EndProject
Global
	GlobalSection(SolutionConfigurationPlatforms) = preSolution
		Debug|Any CPU = Debug|Any CPU
		Release|Any CPU = Release|Any CPU
	EndGlobalSection
	GlobalSection(ProjectConfigurationPlatforms) = postSolution
		{AEB3FC89-DC3E-4BC9-9EC7-03B72FC5D849}.Debug|Any CPU.ActiveCfg = Debug|Any CPU
		{AEB3FC89-DC3E-4BC9-9EC7-03B72FC5D849}.Debug|Any CPU.Build.0 = Debug|Any CPU
		{AEB3FC89-DC3E-4BC9-9EC7-03B72FC5D849}.Release|Any CPU.ActiveCfg = Release|Any CPU
		{AEB3FC89-DC3E-4BC9-9EC7-03B72FC5D849}.Release|Any CPU.Build.0 = Release|Any CPU
	EndGlobalSection
	GlobalSection(SolutionProperties) = preSolution
		HideSolutionNode = FALSE
	EndGlobalSection
EndGlobal
